// !$*UTF8*$!
{
	archiveVersion = 1;
	classes = {
	};
	objectVersion = 50;
	objects = {

/* Begin PBXBuildFile section */
		0B11C07923A12D5400E81DAA /* ModeSelected.swift in Sources */ = {isa = PBXBuildFile; fileRef = 0B11C07823A12D5400E81DAA /* ModeSelected.swift */; };
		0B11C07B23A26A4100E81DAA /* TextInputField.swift in Sources */ = {isa = PBXBuildFile; fileRef = 0B11C07A23A26A4100E81DAA /* TextInputField.swift */; };
		0B11C07F23A39B1E00E81DAA /* TapToggleView.swift in Sources */ = {isa = PBXBuildFile; fileRef = 0B11C07E23A39B1E00E81DAA /* TapToggleView.swift */; };
		0B11C08523A509DB00E81DAA /* FetchedResultsController.swift in Sources */ = {isa = PBXBuildFile; fileRef = 0B11C08423A509DB00E81DAA /* FetchedResultsController.swift */; };
		0B73ED7E23FBE596005E503F /* ViewController+Ext.swift in Sources */ = {isa = PBXBuildFile; fileRef = 0B73ED7D23FBE596005E503F /* ViewController+Ext.swift */; };
		0B73ED8023FBE5E7005E503F /* String+Ext.swift in Sources */ = {isa = PBXBuildFile; fileRef = 0B73ED7F23FBE5E7005E503F /* String+Ext.swift */; };
		0B73ED8223FBE60D005E503F /* Double+Ext.swift in Sources */ = {isa = PBXBuildFile; fileRef = 0B73ED8123FBE60D005E503F /* Double+Ext.swift */; };
		0B73ED8423FBE637005E503F /* Image+Ext.swift in Sources */ = {isa = PBXBuildFile; fileRef = 0B73ED8323FBE637005E503F /* Image+Ext.swift */; };
		0B73ED8623FBE66A005E503F /* FloatingPoint+Ext.swift in Sources */ = {isa = PBXBuildFile; fileRef = 0B73ED8523FBE66A005E503F /* FloatingPoint+Ext.swift */; };
		0B73ED8823FBE6D8005E503F /* LosslessStringConvertible+Ext.swift in Sources */ = {isa = PBXBuildFile; fileRef = 0B73ED8723FBE6D8005E503F /* LosslessStringConvertible+Ext.swift */; };
		0B73ED8D23FBE969005E503F /* MMBackgroundView.swift in Sources */ = {isa = PBXBuildFile; fileRef = 0B73ED8C23FBE969005E503F /* MMBackgroundView.swift */; };
		0B73ED9323FBED8D005E503F /* MMReminderCell.swift in Sources */ = {isa = PBXBuildFile; fileRef = 0B73ED9223FBED8D005E503F /* MMReminderCell.swift */; };
		0B73ED9523FBEF27005E503F /* UIView+Ext.swift in Sources */ = {isa = PBXBuildFile; fileRef = 0B73ED9423FBEF27005E503F /* UIView+Ext.swift */; };
		0B73ED9723FBEFCD005E503F /* MMContentView.swift in Sources */ = {isa = PBXBuildFile; fileRef = 0B73ED9623FBEFCC005E503F /* MMContentView.swift */; };
		0B73ED9A23FBF305005E503F /* MMTabBarController.swift in Sources */ = {isa = PBXBuildFile; fileRef = 0B73ED9923FBF305005E503F /* MMTabBarController.swift */; };
		0B73ED9F23FBF3C1005E503F /* ReminderListVC.swift in Sources */ = {isa = PBXBuildFile; fileRef = 0B73ED9E23FBF3C1005E503F /* ReminderListVC.swift */; };
		0B73EDA123FBF3D3005E503F /* MapVC.swift in Sources */ = {isa = PBXBuildFile; fileRef = 0B73EDA023FBF3D3005E503F /* MapVC.swift */; };
		0B73EDA323FBF3E7005E503F /* ReminderVC.swift in Sources */ = {isa = PBXBuildFile; fileRef = 0B73EDA223FBF3E7005E503F /* ReminderVC.swift */; };
		0B73EDA523FBF661005E503F /* SFSymbols.swift in Sources */ = {isa = PBXBuildFile; fileRef = 0B73EDA423FBF661005E503F /* SFSymbols.swift */; };
		0B73EDA823FC1B04005E503F /* MMMapView.swift in Sources */ = {isa = PBXBuildFile; fileRef = 0B73EDA723FC1B04005E503F /* MMMapView.swift */; };
		0B73EDAB23FC3334005E503F /* MMCompassImageView.swift in Sources */ = {isa = PBXBuildFile; fileRef = 0B73EDAA23FC3334005E503F /* MMCompassImageView.swift */; };
		0B73EDAD23FC353A005E503F /* Configuration.swift in Sources */ = {isa = PBXBuildFile; fileRef = 0B73EDAC23FC353A005E503F /* Configuration.swift */; };
		0B73EDAF23FC3B62005E503F /* CoreDataManager.swift in Sources */ = {isa = PBXBuildFile; fileRef = 0B73EDAE23FC3B62005E503F /* CoreDataManager.swift */; };
		0B73EDB523FC408B005E503F /* RemindersTableView.swift in Sources */ = {isa = PBXBuildFile; fileRef = 0B73EDB423FC408B005E503F /* RemindersTableView.swift */; };
		0B73EDB723FC43E6005E503F /* UITableView+Ext.swift in Sources */ = {isa = PBXBuildFile; fileRef = 0B73EDB623FC43E6005E503F /* UITableView+Ext.swift */; };
		0BA9CF02239E501700ACB8E3 /* AppDelegate.swift in Sources */ = {isa = PBXBuildFile; fileRef = 0BA9CF01239E501700ACB8E3 /* AppDelegate.swift */; };
		0BA9CF04239E501700ACB8E3 /* SceneDelegate.swift in Sources */ = {isa = PBXBuildFile; fileRef = 0BA9CF03239E501700ACB8E3 /* SceneDelegate.swift */; };
		0BA9CF06239E501700ACB8E3 /* MainController.swift in Sources */ = {isa = PBXBuildFile; fileRef = 0BA9CF05239E501700ACB8E3 /* MainController.swift */; };
		0BA9CF0C239E501700ACB8E3 /* MapMemo.xcdatamodeld in Sources */ = {isa = PBXBuildFile; fileRef = 0BA9CF0A239E501700ACB8E3 /* MapMemo.xcdatamodeld */; };
		0BA9CF0E239E501800ACB8E3 /* Assets.xcassets in Resources */ = {isa = PBXBuildFile; fileRef = 0BA9CF0D239E501800ACB8E3 /* Assets.xcassets */; };
		0BA9CF11239E501800ACB8E3 /* LaunchScreen.storyboard in Resources */ = {isa = PBXBuildFile; fileRef = 0BA9CF0F239E501800ACB8E3 /* LaunchScreen.storyboard */; };
		0BA9CF20239E6E9000ACB8E3 /* Color.swift in Sources */ = {isa = PBXBuildFile; fileRef = 0BA9CF1F239E6E8F00ACB8E3 /* Color.swift */; };
		0BA9CF22239E6E9800ACB8E3 /* Icon.swift in Sources */ = {isa = PBXBuildFile; fileRef = 0BA9CF21239E6E9800ACB8E3 /* Icon.swift */; };
		0BA9CF26239E719B00ACB8E3 /* ReminderController.swift in Sources */ = {isa = PBXBuildFile; fileRef = 0BA9CF25239E719B00ACB8E3 /* ReminderController.swift */; };
		0BA9CF28239E71BE00ACB8E3 /* ActiveRemindersController.swift in Sources */ = {isa = PBXBuildFile; fileRef = 0BA9CF27239E71BE00ACB8E3 /* ActiveRemindersController.swift */; };
		0BA9CF2C239E738100ACB8E3 /* CustomButton.swift in Sources */ = {isa = PBXBuildFile; fileRef = 0BA9CF2B239E738100ACB8E3 /* CustomButton.swift */; };
		0BA9CF2E239E754B00ACB8E3 /* Constant.swift in Sources */ = {isa = PBXBuildFile; fileRef = 0BA9CF2D239E754B00ACB8E3 /* Constant.swift */; };
		0BA9CF31239ED06900ACB8E3 /* NotificationsManager.swift in Sources */ = {isa = PBXBuildFile; fileRef = 0BA9CF30239ED06900ACB8E3 /* NotificationsManager.swift */; };
		0BA9CF35239FBCA900ACB8E3 /* Error.swift in Sources */ = {isa = PBXBuildFile; fileRef = 0BA9CF34239FBCA900ACB8E3 /* Error.swift */; };
		0BC7488523A7CD4700AFB3B5 /* Reachability.swift in Sources */ = {isa = PBXBuildFile; fileRef = 0BC7488423A7CD4700AFB3B5 /* Reachability.swift */; };
		0BC7488723A80B6C00AFB3B5 /* ReminderCell.swift in Sources */ = {isa = PBXBuildFile; fileRef = 0BC7488623A80B6C00AFB3B5 /* ReminderCell.swift */; };
/* End PBXBuildFile section */

/* Begin PBXFileReference section */
		0B11C07823A12D5400E81DAA /* ModeSelected.swift */ = {isa = PBXFileReference; lastKnownFileType = sourcecode.swift; path = ModeSelected.swift; sourceTree = "<group>"; };
		0B11C07A23A26A4100E81DAA /* TextInputField.swift */ = {isa = PBXFileReference; lastKnownFileType = sourcecode.swift; path = TextInputField.swift; sourceTree = "<group>"; };
		0B11C07E23A39B1E00E81DAA /* TapToggleView.swift */ = {isa = PBXFileReference; lastKnownFileType = sourcecode.swift; path = TapToggleView.swift; sourceTree = "<group>"; };
		0B11C08423A509DB00E81DAA /* FetchedResultsController.swift */ = {isa = PBXFileReference; lastKnownFileType = sourcecode.swift; path = FetchedResultsController.swift; sourceTree = "<group>"; };
		0B73ED7D23FBE596005E503F /* ViewController+Ext.swift */ = {isa = PBXFileReference; lastKnownFileType = sourcecode.swift; path = "ViewController+Ext.swift"; sourceTree = "<group>"; };
		0B73ED7F23FBE5E7005E503F /* String+Ext.swift */ = {isa = PBXFileReference; lastKnownFileType = sourcecode.swift; path = "String+Ext.swift"; sourceTree = "<group>"; };
		0B73ED8123FBE60D005E503F /* Double+Ext.swift */ = {isa = PBXFileReference; lastKnownFileType = sourcecode.swift; path = "Double+Ext.swift"; sourceTree = "<group>"; };
		0B73ED8323FBE637005E503F /* Image+Ext.swift */ = {isa = PBXFileReference; lastKnownFileType = sourcecode.swift; path = "Image+Ext.swift"; sourceTree = "<group>"; };
		0B73ED8523FBE66A005E503F /* FloatingPoint+Ext.swift */ = {isa = PBXFileReference; lastKnownFileType = sourcecode.swift; path = "FloatingPoint+Ext.swift"; sourceTree = "<group>"; };
		0B73ED8723FBE6D8005E503F /* LosslessStringConvertible+Ext.swift */ = {isa = PBXFileReference; lastKnownFileType = sourcecode.swift; path = "LosslessStringConvertible+Ext.swift"; sourceTree = "<group>"; };
		0B73ED8C23FBE969005E503F /* MMBackgroundView.swift */ = {isa = PBXFileReference; lastKnownFileType = sourcecode.swift; path = MMBackgroundView.swift; sourceTree = "<group>"; };
		0B73ED9223FBED8D005E503F /* MMReminderCell.swift */ = {isa = PBXFileReference; lastKnownFileType = sourcecode.swift; path = MMReminderCell.swift; sourceTree = "<group>"; };
		0B73ED9423FBEF27005E503F /* UIView+Ext.swift */ = {isa = PBXFileReference; lastKnownFileType = sourcecode.swift; path = "UIView+Ext.swift"; sourceTree = "<group>"; };
		0B73ED9623FBEFCC005E503F /* MMContentView.swift */ = {isa = PBXFileReference; lastKnownFileType = sourcecode.swift; path = MMContentView.swift; sourceTree = "<group>"; };
		0B73ED9923FBF305005E503F /* MMTabBarController.swift */ = {isa = PBXFileReference; lastKnownFileType = sourcecode.swift; path = MMTabBarController.swift; sourceTree = "<group>"; };
		0B73ED9E23FBF3C1005E503F /* ReminderListVC.swift */ = {isa = PBXFileReference; lastKnownFileType = sourcecode.swift; path = ReminderListVC.swift; sourceTree = "<group>"; };
		0B73EDA023FBF3D3005E503F /* MapVC.swift */ = {isa = PBXFileReference; lastKnownFileType = sourcecode.swift; path = MapVC.swift; sourceTree = "<group>"; };
		0B73EDA223FBF3E7005E503F /* ReminderVC.swift */ = {isa = PBXFileReference; lastKnownFileType = sourcecode.swift; path = ReminderVC.swift; sourceTree = "<group>"; };
		0B73EDA423FBF661005E503F /* SFSymbols.swift */ = {isa = PBXFileReference; lastKnownFileType = sourcecode.swift; path = SFSymbols.swift; sourceTree = "<group>"; };
		0B73EDA723FC1B04005E503F /* MMMapView.swift */ = {isa = PBXFileReference; lastKnownFileType = sourcecode.swift; path = MMMapView.swift; sourceTree = "<group>"; };
		0B73EDAA23FC3334005E503F /* MMCompassImageView.swift */ = {isa = PBXFileReference; lastKnownFileType = sourcecode.swift; path = MMCompassImageView.swift; sourceTree = "<group>"; };
		0B73EDAC23FC353A005E503F /* Configuration.swift */ = {isa = PBXFileReference; lastKnownFileType = sourcecode.swift; path = Configuration.swift; sourceTree = "<group>"; };
		0B73EDAE23FC3B62005E503F /* CoreDataManager.swift */ = {isa = PBXFileReference; lastKnownFileType = sourcecode.swift; path = CoreDataManager.swift; sourceTree = "<group>"; };
		0B73EDB423FC408B005E503F /* RemindersTableView.swift */ = {isa = PBXFileReference; lastKnownFileType = sourcecode.swift; path = RemindersTableView.swift; sourceTree = "<group>"; };
		0B73EDB623FC43E6005E503F /* UITableView+Ext.swift */ = {isa = PBXFileReference; lastKnownFileType = sourcecode.swift; path = "UITableView+Ext.swift"; sourceTree = "<group>"; };
		0BA9CEFE239E501700ACB8E3 /* MapMemo.app */ = {isa = PBXFileReference; explicitFileType = wrapper.application; includeInIndex = 0; path = MapMemo.app; sourceTree = BUILT_PRODUCTS_DIR; };
		0BA9CF01239E501700ACB8E3 /* AppDelegate.swift */ = {isa = PBXFileReference; lastKnownFileType = sourcecode.swift; path = AppDelegate.swift; sourceTree = "<group>"; };
		0BA9CF03239E501700ACB8E3 /* SceneDelegate.swift */ = {isa = PBXFileReference; lastKnownFileType = sourcecode.swift; path = SceneDelegate.swift; sourceTree = "<group>"; };
		0BA9CF05239E501700ACB8E3 /* MainController.swift */ = {isa = PBXFileReference; lastKnownFileType = sourcecode.swift; path = MainController.swift; sourceTree = "<group>"; };
		0BA9CF0B239E501700ACB8E3 /* MapMemo.xcdatamodel */ = {isa = PBXFileReference; lastKnownFileType = wrapper.xcdatamodel; path = MapMemo.xcdatamodel; sourceTree = "<group>"; };
		0BA9CF0D239E501800ACB8E3 /* Assets.xcassets */ = {isa = PBXFileReference; lastKnownFileType = folder.assetcatalog; path = Assets.xcassets; sourceTree = "<group>"; };
		0BA9CF10239E501800ACB8E3 /* Base */ = {isa = PBXFileReference; lastKnownFileType = file.storyboard; name = Base; path = Base.lproj/LaunchScreen.storyboard; sourceTree = "<group>"; };
		0BA9CF12239E501800ACB8E3 /* Info.plist */ = {isa = PBXFileReference; lastKnownFileType = text.plist.xml; path = Info.plist; sourceTree = "<group>"; };
		0BA9CF1F239E6E8F00ACB8E3 /* Color.swift */ = {isa = PBXFileReference; lastKnownFileType = sourcecode.swift; path = Color.swift; sourceTree = "<group>"; };
		0BA9CF21239E6E9800ACB8E3 /* Icon.swift */ = {isa = PBXFileReference; lastKnownFileType = sourcecode.swift; path = Icon.swift; sourceTree = "<group>"; };
		0BA9CF25239E719B00ACB8E3 /* ReminderController.swift */ = {isa = PBXFileReference; lastKnownFileType = sourcecode.swift; path = ReminderController.swift; sourceTree = "<group>"; };
		0BA9CF27239E71BE00ACB8E3 /* ActiveRemindersController.swift */ = {isa = PBXFileReference; lastKnownFileType = sourcecode.swift; path = ActiveRemindersController.swift; sourceTree = "<group>"; };
		0BA9CF2B239E738100ACB8E3 /* CustomButton.swift */ = {isa = PBXFileReference; lastKnownFileType = sourcecode.swift; path = CustomButton.swift; sourceTree = "<group>"; };
		0BA9CF2D239E754B00ACB8E3 /* Constant.swift */ = {isa = PBXFileReference; lastKnownFileType = sourcecode.swift; path = Constant.swift; sourceTree = "<group>"; };
		0BA9CF30239ED06900ACB8E3 /* NotificationsManager.swift */ = {isa = PBXFileReference; lastKnownFileType = sourcecode.swift; path = NotificationsManager.swift; sourceTree = "<group>"; };
		0BA9CF34239FBCA900ACB8E3 /* Error.swift */ = {isa = PBXFileReference; lastKnownFileType = sourcecode.swift; path = Error.swift; sourceTree = "<group>"; };
		0BC7488423A7CD4700AFB3B5 /* Reachability.swift */ = {isa = PBXFileReference; lastKnownFileType = sourcecode.swift; path = Reachability.swift; sourceTree = "<group>"; };
		0BC7488623A80B6C00AFB3B5 /* ReminderCell.swift */ = {isa = PBXFileReference; lastKnownFileType = sourcecode.swift; path = ReminderCell.swift; sourceTree = "<group>"; };
/* End PBXFileReference section */

/* Begin PBXFrameworksBuildPhase section */
		0BA9CEFB239E501700ACB8E3 /* Frameworks */ = {
			isa = PBXFrameworksBuildPhase;
			buildActionMask = 2147483647;
			files = (
			);
			runOnlyForDeploymentPostprocessing = 0;
		};
/* End PBXFrameworksBuildPhase section */

/* Begin PBXGroup section */
		0B73ED7A23FBE4E6005E503F /* Extension */ = {
			isa = PBXGroup;
			children = (
				0B73ED9423FBEF27005E503F /* UIView+Ext.swift */,
				0B73ED7D23FBE596005E503F /* ViewController+Ext.swift */,
				0B73ED7F23FBE5E7005E503F /* String+Ext.swift */,
				0B73ED8123FBE60D005E503F /* Double+Ext.swift */,
				0B73ED8323FBE637005E503F /* Image+Ext.swift */,
				0B73ED8523FBE66A005E503F /* FloatingPoint+Ext.swift */,
				0B73ED8723FBE6D8005E503F /* LosslessStringConvertible+Ext.swift */,
				0B73EDB623FC43E6005E503F /* UITableView+Ext.swift */,
			);
			path = Extension;
			sourceTree = "<group>";
		};
		0B73ED7B23FBE554005E503F /* UIView */ = {
			isa = PBXGroup;
			children = (
				0B73ED8C23FBE969005E503F /* MMBackgroundView.swift */,
				0B73ED9623FBEFCC005E503F /* MMContentView.swift */,
			);
			path = UIView;
			sourceTree = "<group>";
		};
		0B73ED7C23FBE578005E503F /* Enum */ = {
			isa = PBXGroup;
			children = (
				0BA9CF21239E6E9800ACB8E3 /* Icon.swift */,
				0B11C07823A12D5400E81DAA /* ModeSelected.swift */,
				0B73EDA423FBF661005E503F /* SFSymbols.swift */,
				0B73EDAC23FC353A005E503F /* Configuration.swift */,
			);
			path = Enum;
			sourceTree = "<group>";
		};
		0B73ED8B23FBE7E9005E503F /* UIButton */ = {
			isa = PBXGroup;
			children = (
			);
			path = UIButton;
			sourceTree = "<group>";
		};
		0B73ED9123FBED6B005E503F /* UITableViewCell */ = {
			isa = PBXGroup;
			children = (
				0B73ED9223FBED8D005E503F /* MMReminderCell.swift */,
			);
			path = UITableViewCell;
			sourceTree = "<group>";
		};
		0B73ED9823FBF2D2005E503F /* UITabBarController */ = {
			isa = PBXGroup;
			children = (
				0B73ED9923FBF305005E503F /* MMTabBarController.swift */,
			);
			path = UITabBarController;
			sourceTree = "<group>";
		};
		0B73ED9D23FBF39F005E503F /* old */ = {
			isa = PBXGroup;
			children = (
				0BA9CF05239E501700ACB8E3 /* MainController.swift */,
				0BA9CF25239E719B00ACB8E3 /* ReminderController.swift */,
				0BA9CF27239E71BE00ACB8E3 /* ActiveRemindersController.swift */,
				0B11C08423A509DB00E81DAA /* FetchedResultsController.swift */,
				0BA9CF30239ED06900ACB8E3 /* NotificationsManager.swift */,
			);
			path = old;
			sourceTree = "<group>";
		};
		0B73EDA623FC1ACB005E503F /* MKMapView */ = {
			isa = PBXGroup;
			children = (
				0B73EDA723FC1B04005E503F /* MMMapView.swift */,
			);
			path = MKMapView;
			sourceTree = "<group>";
		};
		0B73EDA923FC32CF005E503F /* UIImageView */ = {
			isa = PBXGroup;
			children = (
				0B73EDAA23FC3334005E503F /* MMCompassImageView.swift */,
			);
			path = UIImageView;
			sourceTree = "<group>";
		};
		0B73EDB023FC3BDF005E503F /* CoreData */ = {
			isa = PBXGroup;
			children = (
				0B73EDAE23FC3B62005E503F /* CoreDataManager.swift */,
				0BA9CF0A239E501700ACB8E3 /* MapMemo.xcdatamodeld */,
			);
			path = CoreData;
			sourceTree = "<group>";
		};
		0B73EDB123FC401D005E503F /* UITableView */ = {
			isa = PBXGroup;
			children = (
				0B73EDB423FC408B005E503F /* RemindersTableView.swift */,
			);
			path = UITableView;
			sourceTree = "<group>";
		};
		0BA9CEF5239E501600ACB8E3 = {
			isa = PBXGroup;
			children = (
				0BA9CF00239E501700ACB8E3 /* MapMemo */,
				0BA9CEFF239E501700ACB8E3 /* Products */,
			);
			sourceTree = "<group>";
		};
		0BA9CEFF239E501700ACB8E3 /* Products */ = {
			isa = PBXGroup;
			children = (
				0BA9CEFE239E501700ACB8E3 /* MapMemo.app */,
			);
			name = Products;
			sourceTree = "<group>";
		};
		0BA9CF00239E501700ACB8E3 /* MapMemo */ = {
			isa = PBXGroup;
			children = (
				0BA9CF1A239E52C000ACB8E3 /* Model */,
				0BA9CF19239E52BE00ACB8E3 /* View */,
				0BA9CF18239E52BC00ACB8E3 /* Screens */,
				0BC7488323A7CD2600AFB3B5 /* Networking */,
				0BA9CF01239E501700ACB8E3 /* AppDelegate.swift */,
				0BA9CF03239E501700ACB8E3 /* SceneDelegate.swift */,
				0BA9CF0D239E501800ACB8E3 /* Assets.xcassets */,
				0BA9CF0F239E501800ACB8E3 /* LaunchScreen.storyboard */,
				0BA9CF12239E501800ACB8E3 /* Info.plist */,
			);
			path = MapMemo;
			sourceTree = "<group>";
		};
		0BA9CF18239E52BC00ACB8E3 /* Screens */ = {
			isa = PBXGroup;
			children = (
				0B73EDA023FBF3D3005E503F /* MapVC.swift */,
				0B73ED9E23FBF3C1005E503F /* ReminderListVC.swift */,
				0B73EDA223FBF3E7005E503F /* ReminderVC.swift */,
				0B73ED9D23FBF39F005E503F /* old */,
			);
			path = Screens;
			sourceTree = "<group>";
		};
		0BA9CF19239E52BE00ACB8E3 /* View */ = {
			isa = PBXGroup;
			children = (
				0B73EDB123FC401D005E503F /* UITableView */,
				0B73ED9123FBED6B005E503F /* UITableViewCell */,
				0B73EDA923FC32CF005E503F /* UIImageView */,
				0B73EDA623FC1ACB005E503F /* MKMapView */,
				0B73ED9823FBF2D2005E503F /* UITabBarController */,
				0B73ED8B23FBE7E9005E503F /* UIButton */,
				0B73ED7B23FBE554005E503F /* UIView */,
				0BA9CF2B239E738100ACB8E3 /* CustomButton.swift */,
				0B11C07A23A26A4100E81DAA /* TextInputField.swift */,
				0B11C07E23A39B1E00E81DAA /* TapToggleView.swift */,
				0BC7488623A80B6C00AFB3B5 /* ReminderCell.swift */,
			);
			path = View;
			sourceTree = "<group>";
		};
		0BA9CF1A239E52C000ACB8E3 /* Model */ = {
			isa = PBXGroup;
			children = (
				0B73EDB023FC3BDF005E503F /* CoreData */,
				0B73ED7C23FBE578005E503F /* Enum */,
				0B73ED7A23FBE4E6005E503F /* Extension */,
				0BA9CF1F239E6E8F00ACB8E3 /* Color.swift */,
				0BA9CF2D239E754B00ACB8E3 /* Constant.swift */,
				0BA9CF34239FBCA900ACB8E3 /* Error.swift */,
			);
			path = Model;
			sourceTree = "<group>";
		};
		0BC7488323A7CD2600AFB3B5 /* Networking */ = {
			isa = PBXGroup;
			children = (
				0BC7488423A7CD4700AFB3B5 /* Reachability.swift */,
			);
			path = Networking;
			sourceTree = "<group>";
		};
/* End PBXGroup section */

/* Begin PBXNativeTarget section */
		0BA9CEFD239E501700ACB8E3 /* MapMemo */ = {
			isa = PBXNativeTarget;
			buildConfigurationList = 0BA9CF15239E501800ACB8E3 /* Build configuration list for PBXNativeTarget "MapMemo" */;
			buildPhases = (
				0BA9CEFA239E501700ACB8E3 /* Sources */,
				0BA9CEFB239E501700ACB8E3 /* Frameworks */,
				0BA9CEFC239E501700ACB8E3 /* Resources */,
			);
			buildRules = (
			);
			dependencies = (
			);
			name = MapMemo;
			productName = MapMemo;
			productReference = 0BA9CEFE239E501700ACB8E3 /* MapMemo.app */;
			productType = "com.apple.product-type.application";
		};
/* End PBXNativeTarget section */

/* Begin PBXProject section */
		0BA9CEF6239E501600ACB8E3 /* Project object */ = {
			isa = PBXProject;
			attributes = {
				LastSwiftUpdateCheck = 1120;
				LastUpgradeCheck = 1120;
				ORGANIZATIONNAME = "Studio Willebrands";
				TargetAttributes = {
					0BA9CEFD239E501700ACB8E3 = {
						CreatedOnToolsVersion = 11.2.1;
					};
				};
			};
			buildConfigurationList = 0BA9CEF9239E501600ACB8E3 /* Build configuration list for PBXProject "MapMemo" */;
			compatibilityVersion = "Xcode 9.3";
			developmentRegion = en;
			hasScannedForEncodings = 0;
			knownRegions = (
				en,
				Base,
			);
			mainGroup = 0BA9CEF5239E501600ACB8E3;
			productRefGroup = 0BA9CEFF239E501700ACB8E3 /* Products */;
			projectDirPath = "";
			projectRoot = "";
			targets = (
				0BA9CEFD239E501700ACB8E3 /* MapMemo */,
			);
		};
/* End PBXProject section */

/* Begin PBXResourcesBuildPhase section */
		0BA9CEFC239E501700ACB8E3 /* Resources */ = {
			isa = PBXResourcesBuildPhase;
			buildActionMask = 2147483647;
			files = (
				0BA9CF11239E501800ACB8E3 /* LaunchScreen.storyboard in Resources */,
				0BA9CF0E239E501800ACB8E3 /* Assets.xcassets in Resources */,
			);
			runOnlyForDeploymentPostprocessing = 0;
		};
/* End PBXResourcesBuildPhase section */

/* Begin PBXSourcesBuildPhase section */
		0BA9CEFA239E501700ACB8E3 /* Sources */ = {
			isa = PBXSourcesBuildPhase;
			buildActionMask = 2147483647;
			files = (
				0B73ED8423FBE637005E503F /* Image+Ext.swift in Sources */,
				0BA9CF2C239E738100ACB8E3 /* CustomButton.swift in Sources */,
				0B73ED9523FBEF27005E503F /* UIView+Ext.swift in Sources */,
				0B73ED8623FBE66A005E503F /* FloatingPoint+Ext.swift in Sources */,
				0BA9CF0C239E501700ACB8E3 /* MapMemo.xcdatamodeld in Sources */,
				0B73ED8223FBE60D005E503F /* Double+Ext.swift in Sources */,
				0BA9CF26239E719B00ACB8E3 /* ReminderController.swift in Sources */,
				0B73ED8823FBE6D8005E503F /* LosslessStringConvertible+Ext.swift in Sources */,
				0BA9CF06239E501700ACB8E3 /* MainController.swift in Sources */,
				0B73ED7E23FBE596005E503F /* ViewController+Ext.swift in Sources */,
				0B11C07B23A26A4100E81DAA /* TextInputField.swift in Sources */,
				0BA9CF20239E6E9000ACB8E3 /* Color.swift in Sources */,
				0B73ED9A23FBF305005E503F /* MMTabBarController.swift in Sources */,
				0B73ED8023FBE5E7005E503F /* String+Ext.swift in Sources */,
				0B73ED9323FBED8D005E503F /* MMReminderCell.swift in Sources */,
				0BA9CF28239E71BE00ACB8E3 /* ActiveRemindersController.swift in Sources */,
				0B73ED9F23FBF3C1005E503F /* ReminderListVC.swift in Sources */,
				0BA9CF2E239E754B00ACB8E3 /* Constant.swift in Sources */,
				0B73EDB723FC43E6005E503F /* UITableView+Ext.swift in Sources */,
				0BA9CF35239FBCA900ACB8E3 /* Error.swift in Sources */,
				0B73EDB523FC408B005E503F /* RemindersTableView.swift in Sources */,
				0BA9CF31239ED06900ACB8E3 /* NotificationsManager.swift in Sources */,
				0B11C07F23A39B1E00E81DAA /* TapToggleView.swift in Sources */,
				0B73EDAB23FC3334005E503F /* MMCompassImageView.swift in Sources */,
				0B73EDAD23FC353A005E503F /* Configuration.swift in Sources */,
				0BA9CF02239E501700ACB8E3 /* AppDelegate.swift in Sources */,
				0B73EDA523FBF661005E503F /* SFSymbols.swift in Sources */,
				0B73EDA323FBF3E7005E503F /* ReminderVC.swift in Sources */,
				0BA9CF22239E6E9800ACB8E3 /* Icon.swift in Sources */,
				0B73EDA823FC1B04005E503F /* MMMapView.swift in Sources */,
				0BA9CF04239E501700ACB8E3 /* SceneDelegate.swift in Sources */,
				0B73ED9723FBEFCD005E503F /* MMContentView.swift in Sources */,
				0BC7488723A80B6C00AFB3B5 /* ReminderCell.swift in Sources */,
				0B73EDA123FBF3D3005E503F /* MapVC.swift in Sources */,
				0B11C07923A12D5400E81DAA /* ModeSelected.swift in Sources */,
				0B73EDAF23FC3B62005E503F /* CoreDataManager.swift in Sources */,
				0BC7488523A7CD4700AFB3B5 /* Reachability.swift in Sources */,
				0B11C08523A509DB00E81DAA /* FetchedResultsController.swift in Sources */,
				0B73ED8D23FBE969005E503F /* MMBackgroundView.swift in Sources */,
			);
			runOnlyForDeploymentPostprocessing = 0;
		};
/* End PBXSourcesBuildPhase section */

/* Begin PBXVariantGroup section */
		0BA9CF0F239E501800ACB8E3 /* LaunchScreen.storyboard */ = {
			isa = PBXVariantGroup;
			children = (
				0BA9CF10239E501800ACB8E3 /* Base */,
			);
			name = LaunchScreen.storyboard;
			sourceTree = "<group>";
		};
/* End PBXVariantGroup section */

/* Begin XCBuildConfiguration section */
		0BA9CF13239E501800ACB8E3 /* Debug */ = {
			isa = XCBuildConfiguration;
			buildSettings = {
				ALWAYS_SEARCH_USER_PATHS = NO;
				CLANG_ANALYZER_NONNULL = YES;
				CLANG_ANALYZER_NUMBER_OBJECT_CONVERSION = YES_AGGRESSIVE;
				CLANG_CXX_LANGUAGE_STANDARD = "gnu++14";
				CLANG_CXX_LIBRARY = "libc++";
				CLANG_ENABLE_MODULES = YES;
				CLANG_ENABLE_OBJC_ARC = YES;
				CLANG_ENABLE_OBJC_WEAK = YES;
				CLANG_WARN_BLOCK_CAPTURE_AUTORELEASING = YES;
				CLANG_WARN_BOOL_CONVERSION = YES;
				CLANG_WARN_COMMA = YES;
				CLANG_WARN_CONSTANT_CONVERSION = YES;
				CLANG_WARN_DEPRECATED_OBJC_IMPLEMENTATIONS = YES;
				CLANG_WARN_DIRECT_OBJC_ISA_USAGE = YES_ERROR;
				CLANG_WARN_DOCUMENTATION_COMMENTS = YES;
				CLANG_WARN_EMPTY_BODY = YES;
				CLANG_WARN_ENUM_CONVERSION = YES;
				CLANG_WARN_INFINITE_RECURSION = YES;
				CLANG_WARN_INT_CONVERSION = YES;
				CLANG_WARN_NON_LITERAL_NULL_CONVERSION = YES;
				CLANG_WARN_OBJC_IMPLICIT_RETAIN_SELF = YES;
				CLANG_WARN_OBJC_LITERAL_CONVERSION = YES;
				CLANG_WARN_OBJC_ROOT_CLASS = YES_ERROR;
				CLANG_WARN_RANGE_LOOP_ANALYSIS = YES;
				CLANG_WARN_STRICT_PROTOTYPES = YES;
				CLANG_WARN_SUSPICIOUS_MOVE = YES;
				CLANG_WARN_UNGUARDED_AVAILABILITY = YES_AGGRESSIVE;
				CLANG_WARN_UNREACHABLE_CODE = YES;
				CLANG_WARN__DUPLICATE_METHOD_MATCH = YES;
				COPY_PHASE_STRIP = NO;
				DEBUG_INFORMATION_FORMAT = dwarf;
				ENABLE_STRICT_OBJC_MSGSEND = YES;
				ENABLE_TESTABILITY = YES;
				GCC_C_LANGUAGE_STANDARD = gnu11;
				GCC_DYNAMIC_NO_PIC = NO;
				GCC_NO_COMMON_BLOCKS = YES;
				GCC_OPTIMIZATION_LEVEL = 0;
				GCC_PREPROCESSOR_DEFINITIONS = (
					"DEBUG=1",
					"$(inherited)",
				);
				GCC_WARN_64_TO_32_BIT_CONVERSION = YES;
				GCC_WARN_ABOUT_RETURN_TYPE = YES_ERROR;
				GCC_WARN_UNDECLARED_SELECTOR = YES;
				GCC_WARN_UNINITIALIZED_AUTOS = YES_AGGRESSIVE;
				GCC_WARN_UNUSED_FUNCTION = YES;
				GCC_WARN_UNUSED_VARIABLE = YES;
				IPHONEOS_DEPLOYMENT_TARGET = 13.2;
				MTL_ENABLE_DEBUG_INFO = INCLUDE_SOURCE;
				MTL_FAST_MATH = YES;
				ONLY_ACTIVE_ARCH = YES;
				SDKROOT = iphoneos;
				SWIFT_ACTIVE_COMPILATION_CONDITIONS = DEBUG;
				SWIFT_OPTIMIZATION_LEVEL = "-Onone";
			};
			name = Debug;
		};
		0BA9CF14239E501800ACB8E3 /* Release */ = {
			isa = XCBuildConfiguration;
			buildSettings = {
				ALWAYS_SEARCH_USER_PATHS = NO;
				CLANG_ANALYZER_NONNULL = YES;
				CLANG_ANALYZER_NUMBER_OBJECT_CONVERSION = YES_AGGRESSIVE;
				CLANG_CXX_LANGUAGE_STANDARD = "gnu++14";
				CLANG_CXX_LIBRARY = "libc++";
				CLANG_ENABLE_MODULES = YES;
				CLANG_ENABLE_OBJC_ARC = YES;
				CLANG_ENABLE_OBJC_WEAK = YES;
				CLANG_WARN_BLOCK_CAPTURE_AUTORELEASING = YES;
				CLANG_WARN_BOOL_CONVERSION = YES;
				CLANG_WARN_COMMA = YES;
				CLANG_WARN_CONSTANT_CONVERSION = YES;
				CLANG_WARN_DEPRECATED_OBJC_IMPLEMENTATIONS = YES;
				CLANG_WARN_DIRECT_OBJC_ISA_USAGE = YES_ERROR;
				CLANG_WARN_DOCUMENTATION_COMMENTS = YES;
				CLANG_WARN_EMPTY_BODY = YES;
				CLANG_WARN_ENUM_CONVERSION = YES;
				CLANG_WARN_INFINITE_RECURSION = YES;
				CLANG_WARN_INT_CONVERSION = YES;
				CLANG_WARN_NON_LITERAL_NULL_CONVERSION = YES;
				CLANG_WARN_OBJC_IMPLICIT_RETAIN_SELF = YES;
				CLANG_WARN_OBJC_LITERAL_CONVERSION = YES;
				CLANG_WARN_OBJC_ROOT_CLASS = YES_ERROR;
				CLANG_WARN_RANGE_LOOP_ANALYSIS = YES;
				CLANG_WARN_STRICT_PROTOTYPES = YES;
				CLANG_WARN_SUSPICIOUS_MOVE = YES;
				CLANG_WARN_UNGUARDED_AVAILABILITY = YES_AGGRESSIVE;
				CLANG_WARN_UNREACHABLE_CODE = YES;
				CLANG_WARN__DUPLICATE_METHOD_MATCH = YES;
				COPY_PHASE_STRIP = NO;
				DEBUG_INFORMATION_FORMAT = "dwarf-with-dsym";
				ENABLE_NS_ASSERTIONS = NO;
				ENABLE_STRICT_OBJC_MSGSEND = YES;
				GCC_C_LANGUAGE_STANDARD = gnu11;
				GCC_NO_COMMON_BLOCKS = YES;
				GCC_WARN_64_TO_32_BIT_CONVERSION = YES;
				GCC_WARN_ABOUT_RETURN_TYPE = YES_ERROR;
				GCC_WARN_UNDECLARED_SELECTOR = YES;
				GCC_WARN_UNINITIALIZED_AUTOS = YES_AGGRESSIVE;
				GCC_WARN_UNUSED_FUNCTION = YES;
				GCC_WARN_UNUSED_VARIABLE = YES;
				IPHONEOS_DEPLOYMENT_TARGET = 13.2;
				MTL_ENABLE_DEBUG_INFO = NO;
				MTL_FAST_MATH = YES;
				SDKROOT = iphoneos;
				SWIFT_COMPILATION_MODE = wholemodule;
				SWIFT_OPTIMIZATION_LEVEL = "-O";
				VALIDATE_PRODUCT = YES;
			};
			name = Release;
		};
		0BA9CF16239E501800ACB8E3 /* Debug */ = {
			isa = XCBuildConfiguration;
			buildSettings = {
				ASSETCATALOG_COMPILER_APPICON_NAME = AppIcon;
				CODE_SIGN_STYLE = Automatic;
				DEVELOPMENT_TEAM = 223MS2NG2U;
				INFOPLIST_FILE = MapMemo/Info.plist;
				LD_RUNPATH_SEARCH_PATHS = (
					"$(inherited)",
					"@executable_path/Frameworks",
				);
				PRODUCT_BUNDLE_IDENTIFIER = com.wouterwillebrands.MapMemo;
				PRODUCT_NAME = "$(TARGET_NAME)";
				SWIFT_VERSION = 5.0;
				TARGETED_DEVICE_FAMILY = 1;
			};
			name = Debug;
		};
		0BA9CF17239E501800ACB8E3 /* Release */ = {
			isa = XCBuildConfiguration;
			buildSettings = {
				ASSETCATALOG_COMPILER_APPICON_NAME = AppIcon;
				CODE_SIGN_STYLE = Automatic;
				DEVELOPMENT_TEAM = 223MS2NG2U;
				INFOPLIST_FILE = MapMemo/Info.plist;
				LD_RUNPATH_SEARCH_PATHS = (
					"$(inherited)",
					"@executable_path/Frameworks",
				);
				PRODUCT_BUNDLE_IDENTIFIER = com.wouterwillebrands.MapMemo;
				PRODUCT_NAME = "$(TARGET_NAME)";
				SWIFT_VERSION = 5.0;
				TARGETED_DEVICE_FAMILY = 1;
			};
			name = Release;
		};
/* End XCBuildConfiguration section */

/* Begin XCConfigurationList section */
		0BA9CEF9239E501600ACB8E3 /* Build configuration list for PBXProject "MapMemo" */ = {
			isa = XCConfigurationList;
			buildConfigurations = (
				0BA9CF13239E501800ACB8E3 /* Debug */,
				0BA9CF14239E501800ACB8E3 /* Release */,
			);
			defaultConfigurationIsVisible = 0;
			defaultConfigurationName = Release;
		};
		0BA9CF15239E501800ACB8E3 /* Build configuration list for PBXNativeTarget "MapMemo" */ = {
			isa = XCConfigurationList;
			buildConfigurations = (
				0BA9CF16239E501800ACB8E3 /* Debug */,
				0BA9CF17239E501800ACB8E3 /* Release */,
			);
			defaultConfigurationIsVisible = 0;
			defaultConfigurationName = Release;
		};
/* End XCConfigurationList section */

/* Begin XCVersionGroup section */
		0BA9CF0A239E501700ACB8E3 /* MapMemo.xcdatamodeld */ = {
			isa = XCVersionGroup;
			children = (
				0BA9CF0B239E501700ACB8E3 /* MapMemo.xcdatamodel */,
			);
			currentVersion = 0BA9CF0B239E501700ACB8E3 /* MapMemo.xcdatamodel */;
			path = MapMemo.xcdatamodeld;
			sourceTree = "<group>";
			versionGroupType = wrapper.xcdatamodel;
		};
/* End XCVersionGroup section */
	};
	rootObject = 0BA9CEF6239E501600ACB8E3 /* Project object */;
}
